{
  "name": "fangtj-cli",
  "version": "1.0.0",
  "lockfileVersion": 3,
  "requires": true,
  "packages": {
    "": {
      "name": "fangtj-cli",
      "version": "1.0.0",
      "license": "ISC",
      "workspaces": [
        "packages/core",
        "packages/utils"
      ]
    },
    "node_modules/@fangtj-cli/core": {
      "resolved": "packages/core",
      "link": true
    },
    "node_modules/@fangtj-cli/utils": {
      "resolved": "packages/utils",
      "link": true
    },
    "packages/core": {
      "name": "@fangtj-cli/core",
      "version": "0.0.2",
      "license": "ISC",
      "dependencies": {
        "@fangtj-cli/utils": "^0.0.2"
      },
      "bin": {
        "fangtj-cli": "bin/index.js"
      }
    },
    "packages/utils": {
      "name": "@fangtj-cli/utils",
      "version": "0.0.2",
      "license": "ISC"
    }
  }
}
